
Microsoft Visual Studio Solution File, Format Version 12.00
# Visual Studio Version 17
VisualStudioVersion = 17.0.32014.148
MinimumVisualStudioVersion = 10.0.40219.1
Project("{FAE04EC0-301F-11D3-BF4B-00C04F79EFBC}") = "FileServer", "FileServer.csproj", "{989B15C9-634B-4F3D-BA0B-E779AFC9CC0A}"
EndProject
Global
	GlobalSection(SolutionConfigurationPlatforms) = preSolution
		Debug|Any CPU = Debug|Any CPU
		Release|Any CPU = Release|Any CPU
	EndGlobalSection
	GlobalSection(ProjectConfigurationPlatforms) = postSolution
		{989B15C9-634B-4F3D-BA0B-E779AFC9CC0A}.Debug|Any CPU.ActiveCfg = Debug|Any CPU
		{989B15C9-634B-4F3D-BA0B-E779AFC9CC0A}.Debug|Any CPU.Build.0 = Debug|Any CPU
		{989B15C9-634B-4F3D-BA0B-E779AFC9CC0A}.Release|Any CPU.ActiveCfg = Release|Any CPU
		{989B15C9-634B-4F3D-BA0B-E779AFC9CC0A}.Release|Any CPU.Build.0 = Release|Any CPU
	EndGlobalSection
	GlobalSection(SolutionProperties) = preSolution
		HideSolutionNode = FALSE
	EndGlobalSection
	GlobalSection(ExtensibilityGlobals) = postSolution
		SolutionGuid = {BFEFF411-5D1E-47E1-BCDC-FF83DE41A0C1}
	EndGlobalSection
EndGlobal
