
Microsoft Visual Studio Solution File, Format Version 12.00
# Visual Studio Version 17
VisualStudioVersion = 17.0.32014.148
MinimumVisualStudioVersion = 10.0.40219.1
Project("{00D1A9C2-B5F0-4AF3-8072-F6C62B433612}") = "FutureNHS.Data.FutureNHS", "FutureNHS.Data.FutureNHS\FutureNHS.Data.FutureNHS.sqlproj", "{9497F274-3BB1-4194-8DC3-35594D0FD0EA}"
EndProject
Global
	GlobalSection(SolutionConfigurationPlatforms) = preSolution
		Debug|Any CPU = Debug|Any CPU
		Release|Any CPU = Release|Any CPU
	EndGlobalSection
	GlobalSection(ProjectConfigurationPlatforms) = postSolution
		{9497F274-3BB1-4194-8DC3-35594D0FD0EA}.Debug|Any CPU.ActiveCfg = Debug|Any CPU
		{9497F274-3BB1-4194-8DC3-35594D0FD0EA}.Debug|Any CPU.Build.0 = Debug|Any CPU
		{9497F274-3BB1-4194-8DC3-35594D0FD0EA}.Debug|Any CPU.Deploy.0 = Debug|Any CPU
		{9497F274-3BB1-4194-8DC3-35594D0FD0EA}.Release|Any CPU.ActiveCfg = Release|Any CPU
		{9497F274-3BB1-4194-8DC3-35594D0FD0EA}.Release|Any CPU.Build.0 = Release|Any CPU
		{9497F274-3BB1-4194-8DC3-35594D0FD0EA}.Release|Any CPU.Deploy.0 = Release|Any CPU
	EndGlobalSection
	GlobalSection(SolutionProperties) = preSolution
		HideSolutionNode = FALSE
	EndGlobalSection
	GlobalSection(ExtensibilityGlobals) = postSolution
		SolutionGuid = {443E3C80-7C7A-4ED9-965E-A2815FE3F4E4}
	EndGlobalSection
EndGlobal
